
Microsoft Visual Studio Solution File, Format Version 12.00
# Visual Studio Version 16
VisualStudioVersion = 16.0.808.0
MinimumVisualStudioVersion = 10.0.40219.1
Project("{FAE04EC0-301F-11D3-BF4B-00C04F79EFBC}") = "UnitTestingProject", "UnitTestingProject\UnitTestingProject.csproj", "{735A449E-BFB9-40E2-B140-31BE34AA41B9}"
EndProject
Project("{FAE04EC0-301F-11D3-BF4B-00C04F79EFBC}") = "Tests", "Tests\Tests.csproj", "{3D2CF15B-B2E9-45E4-B067-8C50ED4461BD}"
EndProject
Project("{FAE04EC0-301F-11D3-BF4B-00C04F79EFBC}") = "UnitTestingApp", "UnitTestingApp\UnitTestingApp.csproj", "{DD98A919-28F7-45D9-B230-B6855500B22A}"
EndProject
Global
	GlobalSection(SolutionConfigurationPlatforms) = preSolution
		Debug|Any CPU = Debug|Any CPU
		Release|Any CPU = Release|Any CPU
	EndGlobalSection
	GlobalSection(ProjectConfigurationPlatforms) = postSolution
		{735A449E-BFB9-40E2-B140-31BE34AA41B9}.Debug|Any CPU.ActiveCfg = Debug|Any CPU
		{735A449E-BFB9-40E2-B140-31BE34AA41B9}.Debug|Any CPU.Build.0 = Debug|Any CPU
		{735A449E-BFB9-40E2-B140-31BE34AA41B9}.Release|Any CPU.ActiveCfg = Release|Any CPU
		{735A449E-BFB9-40E2-B140-31BE34AA41B9}.Release|Any CPU.Build.0 = Release|Any CPU
		{3D2CF15B-B2E9-45E4-B067-8C50ED4461BD}.Debug|Any CPU.ActiveCfg = Debug|Any CPU
		{3D2CF15B-B2E9-45E4-B067-8C50ED4461BD}.Debug|Any CPU.Build.0 = Debug|Any CPU
		{3D2CF15B-B2E9-45E4-B067-8C50ED4461BD}.Release|Any CPU.ActiveCfg = Release|Any CPU
		{3D2CF15B-B2E9-45E4-B067-8C50ED4461BD}.Release|Any CPU.Build.0 = Release|Any CPU
		{DD98A919-28F7-45D9-B230-B6855500B22A}.Debug|Any CPU.ActiveCfg = Debug|Any CPU
		{DD98A919-28F7-45D9-B230-B6855500B22A}.Debug|Any CPU.Build.0 = Debug|Any CPU
		{DD98A919-28F7-45D9-B230-B6855500B22A}.Release|Any CPU.ActiveCfg = Release|Any CPU
		{DD98A919-28F7-45D9-B230-B6855500B22A}.Release|Any CPU.Build.0 = Release|Any CPU
	EndGlobalSection
	GlobalSection(SolutionProperties) = preSolution
		HideSolutionNode = FALSE
	EndGlobalSection
	GlobalSection(ExtensibilityGlobals) = postSolution
		SolutionGuid = {3FD32EED-27D3-48FB-9373-108D072E64B5}
	EndGlobalSection
EndGlobal
